
Microsoft Visual Studio Solution File, Format Version 11.00
# Visual C# Express 2010
Project("{FAE04EC0-301F-11D3-BF4B-00C04F79EFBC}") = "6FindOneDuplicateInArray", "6FindOneDuplicateInArray\6FindOneDuplicateInArray.csproj", "{97CE38A0-F4A3-420F-B0D5-7273E3F5E0E2}"
EndProject
Global
	GlobalSection(SolutionConfigurationPlatforms) = preSolution
		Debug|x86 = Debug|x86
		Release|x86 = Release|x86
	EndGlobalSection
	GlobalSection(ProjectConfigurationPlatforms) = postSolution
		{97CE38A0-F4A3-420F-B0D5-7273E3F5E0E2}.Debug|x86.ActiveCfg = Debug|x86
		{97CE38A0-F4A3-420F-B0D5-7273E3F5E0E2}.Debug|x86.Build.0 = Debug|x86
		{97CE38A0-F4A3-420F-B0D5-7273E3F5E0E2}.Release|x86.ActiveCfg = Release|x86
		{97CE38A0-F4A3-420F-B0D5-7273E3F5E0E2}.Release|x86.Build.0 = Release|x86
	EndGlobalSection
	GlobalSection(SolutionProperties) = preSolution
		HideSolutionNode = FALSE
	EndGlobalSection
EndGlobal
